
Microsoft Visual Studio Solution File, Format Version 12.00
# Visual Studio Version 17
VisualStudioVersion = 17.8.34316.72
MinimumVisualStudioVersion = 10.0.40219.1
Project("{9A19103F-16F7-4668-BE54-9A1E7A4F7556}") = "PirateTools.TravelExpense.WebApp", "PirateTools.TravelExpense.WebApp\PirateTools.TravelExpense.WebApp.csproj", "{B091C8C2-9594-40CE-B012-D8E43C90A60B}"
EndProject
Project("{9A19103F-16F7-4668-BE54-9A1E7A4F7556}") = "PirateTools.Models", "PirateTools.Models\PirateTools.Models.csproj", "{F2507178-A7AD-4CDF-B8DB-098DE00F7A5A}"
EndProject
Project("{2150E333-8FDC-42A3-9474-1A3956D46DE8}") = "Solution Items", "Solution Items", "{EBFCF421-B22D-43FA-82CA-D98BB30BD08C}"
	ProjectSection(SolutionItems) = preProject
		.editorconfig = .editorconfig
	EndProjectSection
EndProject
Project("{9A19103F-16F7-4668-BE54-9A1E7A4F7556}") = "PirateTools.Web.Common", "PirateTools.Web.Common\PirateTools.Web.Common.csproj", "{A8076660-A5D7-4FF9-B577-90D4EB8B0BB5}"
EndProject
Project("{9A19103F-16F7-4668-BE54-9A1E7A4F7556}") = "PirateTools.Harbor", "PirateTools.Harbor\PirateTools.Harbor.csproj", "{552308B5-814B-4462-8562-D35B8331126F}"
EndProject
Project("{9A19103F-16F7-4668-BE54-9A1E7A4F7556}") = "PirateTools.AskTheChairs.WebApp", "PirateTools.AskTheChairs.WebApp\PirateTools.AskTheChairs.WebApp.csproj", "{FFE668D9-CE2A-4430-9C40-21D10B5AFE6B}"
EndProject
Global
	GlobalSection(SolutionConfigurationPlatforms) = preSolution
		Debug|Any CPU = Debug|Any CPU
		Release|Any CPU = Release|Any CPU
	EndGlobalSection
	GlobalSection(ProjectConfigurationPlatforms) = postSolution
		{B091C8C2-9594-40CE-B012-D8E43C90A60B}.Debug|Any CPU.ActiveCfg = Debug|Any CPU
		{B091C8C2-9594-40CE-B012-D8E43C90A60B}.Debug|Any CPU.Build.0 = Debug|Any CPU
		{B091C8C2-9594-40CE-B012-D8E43C90A60B}.Release|Any CPU.ActiveCfg = Release|Any CPU
		{B091C8C2-9594-40CE-B012-D8E43C90A60B}.Release|Any CPU.Build.0 = Release|Any CPU
		{F2507178-A7AD-4CDF-B8DB-098DE00F7A5A}.Debug|Any CPU.ActiveCfg = Debug|Any CPU
		{F2507178-A7AD-4CDF-B8DB-098DE00F7A5A}.Debug|Any CPU.Build.0 = Debug|Any CPU
		{F2507178-A7AD-4CDF-B8DB-098DE00F7A5A}.Release|Any CPU.ActiveCfg = Release|Any CPU
		{F2507178-A7AD-4CDF-B8DB-098DE00F7A5A}.Release|Any CPU.Build.0 = Release|Any CPU
		{A8076660-A5D7-4FF9-B577-90D4EB8B0BB5}.Debug|Any CPU.ActiveCfg = Debug|Any CPU
		{A8076660-A5D7-4FF9-B577-90D4EB8B0BB5}.Debug|Any CPU.Build.0 = Debug|Any CPU
		{A8076660-A5D7-4FF9-B577-90D4EB8B0BB5}.Release|Any CPU.ActiveCfg = Release|Any CPU
		{A8076660-A5D7-4FF9-B577-90D4EB8B0BB5}.Release|Any CPU.Build.0 = Release|Any CPU
		{552308B5-814B-4462-8562-D35B8331126F}.Debug|Any CPU.ActiveCfg = Debug|Any CPU
		{552308B5-814B-4462-8562-D35B8331126F}.Debug|Any CPU.Build.0 = Debug|Any CPU
		{552308B5-814B-4462-8562-D35B8331126F}.Release|Any CPU.ActiveCfg = Release|Any CPU
		{552308B5-814B-4462-8562-D35B8331126F}.Release|Any CPU.Build.0 = Release|Any CPU
		{FFE668D9-CE2A-4430-9C40-21D10B5AFE6B}.Debug|Any CPU.ActiveCfg = Debug|Any CPU
		{FFE668D9-CE2A-4430-9C40-21D10B5AFE6B}.Debug|Any CPU.Build.0 = Debug|Any CPU
		{FFE668D9-CE2A-4430-9C40-21D10B5AFE6B}.Release|Any CPU.ActiveCfg = Release|Any CPU
		{FFE668D9-CE2A-4430-9C40-21D10B5AFE6B}.Release|Any CPU.Build.0 = Release|Any CPU
	EndGlobalSection
	GlobalSection(SolutionProperties) = preSolution
		HideSolutionNode = FALSE
	EndGlobalSection
	GlobalSection(ExtensibilityGlobals) = postSolution
		SolutionGuid = {CCFB0D05-343D-4A2B-BCC6-1E021F86B369}
	EndGlobalSection
EndGlobal
